
Microsoft Visual Studio Solution File, Format Version 11.00
# Visual Studio 2010
Project("{FAE04EC0-301F-11D3-BF4B-00C04F79EFBC}") = "AdutMVC", "AdutMVC\AdutMVC.csproj", "{9F02FFB4-27A2-4B17-9EDB-59517C9FD889}"
EndProject
Global
	GlobalSection(SolutionConfigurationPlatforms) = preSolution
		Debug|Any CPU = Debug|Any CPU
		Release|Any CPU = Release|Any CPU
	EndGlobalSection
	GlobalSection(ProjectConfigurationPlatforms) = postSolution
		{9F02FFB4-27A2-4B17-9EDB-59517C9FD889}.Debug|Any CPU.ActiveCfg = Debug|Any CPU
		{9F02FFB4-27A2-4B17-9EDB-59517C9FD889}.Debug|Any CPU.Build.0 = Debug|Any CPU
		{9F02FFB4-27A2-4B17-9EDB-59517C9FD889}.Release|Any CPU.ActiveCfg = Release|Any CPU
		{9F02FFB4-27A2-4B17-9EDB-59517C9FD889}.Release|Any CPU.Build.0 = Release|Any CPU
	EndGlobalSection
	GlobalSection(SolutionProperties) = preSolution
		HideSolutionNode = FALSE
	EndGlobalSection
EndGlobal
